
Microsoft Visual Studio Solution File, Format Version 10.00
# Visual Studio 2008
Project("{FAE04EC0-301F-11D3-BF4B-00C04F79EFBC}") = "AddPropertiesForWord", "AddPropertiesForWord\AddPropertiesForWord.csproj", "{60F7272A-A3F0-4329-B767-B1385A98D32C}"
EndProject
Global
	GlobalSection(SolutionConfigurationPlatforms) = preSolution
		Debug|Any CPU = Debug|Any CPU
		Release|Any CPU = Release|Any CPU
	EndGlobalSection
	GlobalSection(ProjectConfigurationPlatforms) = postSolution
		{60F7272A-A3F0-4329-B767-B1385A98D32C}.Debug|Any CPU.ActiveCfg = Debug|Any CPU
		{60F7272A-A3F0-4329-B767-B1385A98D32C}.Debug|Any CPU.Build.0 = Debug|Any CPU
		{60F7272A-A3F0-4329-B767-B1385A98D32C}.Release|Any CPU.ActiveCfg = Release|Any CPU
		{60F7272A-A3F0-4329-B767-B1385A98D32C}.Release|Any CPU.Build.0 = Release|Any CPU
	EndGlobalSection
	GlobalSection(SolutionProperties) = preSolution
		HideSolutionNode = FALSE
	EndGlobalSection
EndGlobal
